
Microsoft Visual Studio Solution File, Format Version 12.00
# Visual Studio 14
VisualStudioVersion = 14.0.25420.1
MinimumVisualStudioVersion = 10.0.40219.1
Project("{FAE04EC0-301F-11D3-BF4B-00C04F79EFBC}") = "LHT.CRM.DAL", "LHT.CRM.DAL\LHT.CRM.DAL.csproj", "{DF2E9471-2771-4971-B77C-540ACF430683}"
EndProject
Project("{FAE04EC0-301F-11D3-BF4B-00C04F79EFBC}") = "LHT.CRM.BLL", "LHT.CRM.BLL\LHT.CRM.BLL.csproj", "{5329BF87-A3EF-4CC3-BA6B-4B87BE53BE3E}"
EndProject
Project("{FAE04EC0-301F-11D3-BF4B-00C04F79EFBC}") = "LHT.CRM.Model", "LHT.CRM.Model\LHT.CRM.Model.csproj", "{35761248-DE01-41C5-A6A4-3FEB0925E6C3}"
EndProject
Global
	GlobalSection(SolutionConfigurationPlatforms) = preSolution
		Debug|Any CPU = Debug|Any CPU
		Release|Any CPU = Release|Any CPU
	EndGlobalSection
	GlobalSection(ProjectConfigurationPlatforms) = postSolution
		{DF2E9471-2771-4971-B77C-540ACF430683}.Debug|Any CPU.ActiveCfg = Debug|Any CPU
		{DF2E9471-2771-4971-B77C-540ACF430683}.Debug|Any CPU.Build.0 = Debug|Any CPU
		{DF2E9471-2771-4971-B77C-540ACF430683}.Release|Any CPU.ActiveCfg = Release|Any CPU
		{DF2E9471-2771-4971-B77C-540ACF430683}.Release|Any CPU.Build.0 = Release|Any CPU
		{5329BF87-A3EF-4CC3-BA6B-4B87BE53BE3E}.Debug|Any CPU.ActiveCfg = Debug|Any CPU
		{5329BF87-A3EF-4CC3-BA6B-4B87BE53BE3E}.Debug|Any CPU.Build.0 = Debug|Any CPU
		{5329BF87-A3EF-4CC3-BA6B-4B87BE53BE3E}.Release|Any CPU.ActiveCfg = Release|Any CPU
		{5329BF87-A3EF-4CC3-BA6B-4B87BE53BE3E}.Release|Any CPU.Build.0 = Release|Any CPU
		{35761248-DE01-41C5-A6A4-3FEB0925E6C3}.Debug|Any CPU.ActiveCfg = Debug|Any CPU
		{35761248-DE01-41C5-A6A4-3FEB0925E6C3}.Debug|Any CPU.Build.0 = Debug|Any CPU
		{35761248-DE01-41C5-A6A4-3FEB0925E6C3}.Release|Any CPU.ActiveCfg = Release|Any CPU
		{35761248-DE01-41C5-A6A4-3FEB0925E6C3}.Release|Any CPU.Build.0 = Release|Any CPU
	EndGlobalSection
	GlobalSection(SolutionProperties) = preSolution
		HideSolutionNode = FALSE
	EndGlobalSection
EndGlobal
